
Microsoft Visual Studio Solution File, Format Version 11.00
# Visual Studio 2010
Project("{FAE04EC0-301F-11D3-BF4B-00C04F79EFBC}") = "EstimoteBeaconProj", "EstimoteBeaconProj\EstimoteBeaconProj.csproj", "{83627CCC-A44E-41E2-A30F-F04753D322DB}"
EndProject
Project("{FAE04EC0-301F-11D3-BF4B-00C04F79EFBC}") = "EstimoteXamarin", "..\..\Downloads\Xamarin-EstimoteBeacons-master\EstimoteXamarin\EstimoteXamarin\EstimoteXamarin.csproj", "{96D4FC7B-3452-43B1-87B5-775AB94BF6BB}"
EndProject
Global
	GlobalSection(SolutionConfigurationPlatforms) = preSolution
		Debug|iPhoneSimulator = Debug|iPhoneSimulator
		Release|iPhoneSimulator = Release|iPhoneSimulator
		Debug|iPhone = Debug|iPhone
		Release|iPhone = Release|iPhone
		Ad-Hoc|iPhone = Ad-Hoc|iPhone
		AppStore|iPhone = AppStore|iPhone
	EndGlobalSection
	GlobalSection(ProjectConfigurationPlatforms) = postSolution
		{83627CCC-A44E-41E2-A30F-F04753D322DB}.Ad-Hoc|iPhone.ActiveCfg = Ad-Hoc|iPhone
		{83627CCC-A44E-41E2-A30F-F04753D322DB}.Ad-Hoc|iPhone.Build.0 = Ad-Hoc|iPhone
		{83627CCC-A44E-41E2-A30F-F04753D322DB}.AppStore|iPhone.ActiveCfg = AppStore|iPhone
		{83627CCC-A44E-41E2-A30F-F04753D322DB}.AppStore|iPhone.Build.0 = AppStore|iPhone
		{83627CCC-A44E-41E2-A30F-F04753D322DB}.Debug|iPhone.ActiveCfg = Debug|iPhone
		{83627CCC-A44E-41E2-A30F-F04753D322DB}.Debug|iPhone.Build.0 = Debug|iPhone
		{83627CCC-A44E-41E2-A30F-F04753D322DB}.Debug|iPhoneSimulator.ActiveCfg = Debug|iPhoneSimulator
		{83627CCC-A44E-41E2-A30F-F04753D322DB}.Debug|iPhoneSimulator.Build.0 = Debug|iPhoneSimulator
		{83627CCC-A44E-41E2-A30F-F04753D322DB}.Release|iPhone.ActiveCfg = Release|iPhone
		{83627CCC-A44E-41E2-A30F-F04753D322DB}.Release|iPhone.Build.0 = Release|iPhone
		{83627CCC-A44E-41E2-A30F-F04753D322DB}.Release|iPhoneSimulator.ActiveCfg = Release|iPhoneSimulator
		{83627CCC-A44E-41E2-A30F-F04753D322DB}.Release|iPhoneSimulator.Build.0 = Release|iPhoneSimulator
		{96D4FC7B-3452-43B1-87B5-775AB94BF6BB}.Ad-Hoc|iPhone.ActiveCfg = Release|Any CPU
		{96D4FC7B-3452-43B1-87B5-775AB94BF6BB}.Ad-Hoc|iPhone.Build.0 = Release|Any CPU
		{96D4FC7B-3452-43B1-87B5-775AB94BF6BB}.AppStore|iPhone.ActiveCfg = Release|Any CPU
		{96D4FC7B-3452-43B1-87B5-775AB94BF6BB}.AppStore|iPhone.Build.0 = Release|Any CPU
		{96D4FC7B-3452-43B1-87B5-775AB94BF6BB}.Debug|iPhone.ActiveCfg = Debug|Any CPU
		{96D4FC7B-3452-43B1-87B5-775AB94BF6BB}.Debug|iPhone.Build.0 = Debug|Any CPU
		{96D4FC7B-3452-43B1-87B5-775AB94BF6BB}.Debug|iPhoneSimulator.ActiveCfg = Debug|Any CPU
		{96D4FC7B-3452-43B1-87B5-775AB94BF6BB}.Debug|iPhoneSimulator.Build.0 = Debug|Any CPU
		{96D4FC7B-3452-43B1-87B5-775AB94BF6BB}.Release|iPhone.ActiveCfg = Release|Any CPU
		{96D4FC7B-3452-43B1-87B5-775AB94BF6BB}.Release|iPhone.Build.0 = Release|Any CPU
		{96D4FC7B-3452-43B1-87B5-775AB94BF6BB}.Release|iPhoneSimulator.ActiveCfg = Release|Any CPU
		{96D4FC7B-3452-43B1-87B5-775AB94BF6BB}.Release|iPhoneSimulator.Build.0 = Release|Any CPU
	EndGlobalSection
	GlobalSection(MonoDevelopProperties) = preSolution
		StartupItem = EstimoteBeaconProj\EstimoteBeaconProj.csproj
	EndGlobalSection
EndGlobal
